
Microsoft Visual Studio Solution File, Format Version 12.00
# Visual Studio Version 17
VisualStudioVersion = 17.7.34031.279
MinimumVisualStudioVersion = 10.0.40219.1
Project("{FAE04EC0-301F-11D3-BF4B-00C04F79EFBC}") = "TrueCodeTestTask", "TrueCodeTestTask\TrueCodeTestTask.csproj", "{11861DB6-4323-478C-94C4-EB6F78CE886F}"
EndProject
Global
	GlobalSection(SolutionConfigurationPlatforms) = preSolution
		Debug|Any CPU = Debug|Any CPU
		Release|Any CPU = Release|Any CPU
	EndGlobalSection
	GlobalSection(ProjectConfigurationPlatforms) = postSolution
		{11861DB6-4323-478C-94C4-EB6F78CE886F}.Debug|Any CPU.ActiveCfg = Debug|Any CPU
		{11861DB6-4323-478C-94C4-EB6F78CE886F}.Debug|Any CPU.Build.0 = Debug|Any CPU
		{11861DB6-4323-478C-94C4-EB6F78CE886F}.Release|Any CPU.ActiveCfg = Release|Any CPU
		{11861DB6-4323-478C-94C4-EB6F78CE886F}.Release|Any CPU.Build.0 = Release|Any CPU
	EndGlobalSection
	GlobalSection(SolutionProperties) = preSolution
		HideSolutionNode = FALSE
	EndGlobalSection
	GlobalSection(ExtensibilityGlobals) = postSolution
		SolutionGuid = {8D263A89-B0E5-447E-B01D-00D0A2CFA01F}
	EndGlobalSection
EndGlobal
